<?xml version="1.0" encoding="UTF-8" standalone="yes" ?>
<CodeBlocks_project_file>
	<FileVersion major="1" minor="6" />
	<Project>
		<Option title="SonettoRARC_Composer" />
		<Option pch_mode="2" />
		<Option compiler="gcc" />
		<Build>
			<Target title="Debug">
				<Option output="..\..\..\bin\debug\tools\RARC Composer" prefix_auto="1" extension_auto="1" />
				<Option working_dir="..\..\..\bin\debug\tools\" />
				<Option object_output="..\obj\debug\" />
				<Option type="1" />
				<Option compiler="gcc" />
				<Compiler>
					<Add option="-g" />
				</Compiler>
			</Target>
			<Target title="Release">
				<Option output="..\..\..\bin\release\tools\RARC Composer" prefix_auto="1" extension_auto="1" />
				<Option working_dir="..\..\..\bin\release\tools\" />
				<Option object_output="..\obj\release\" />
				<Option type="1" />
				<Option compiler="gcc" />
				<Compiler>
					<Add option="-O2" />
				</Compiler>
				<Linker>
					<Add option="-s" />
				</Linker>
			</Target>
		</Build>
		<Compiler>
			<Add option="-Wall" />
			<Add option="`wx-config --cflags`" />
			<Add option="-D__GNUWIN32__" />
			<Add option="-D__WXMSW__" />
			<Add directory="..\include" />
			<Add directory="..\..\dependencies\include" />
			<Add directory="$(WXWIN)\include\" />
			<Add directory="$(WXWIN)\contrib\include\" />
		</Compiler>
		<Linker>
			<Add option="`wx-config --libs`" />
			<Add library="wx_msw-2.8" />
			<Add library="kernel32" />
			<Add library="user32" />
			<Add library="gdi32" />
			<Add library="comdlg32" />
			<Add library="comctl32" />
			<Add library="advapi32" />
			<Add library="shell32" />
			<Add library="ole32" />
			<Add library="oleaut32" />
			<Add library="rpcrt4" />
			<Add library="uuid" />
			<Add library="wsock32" />
			<Add library="odbc32" />
			<Add library="libwxpng-2.8" />
			<Add library="zdll" />
			<Add directory="..\..\dependencies\lib" />
			<Add directory="$(WXWIN)\lib\" />
			<Add directory="$(WXWIN)\contrib\lib\" />
		</Linker>
		<Unit filename="..\include\MainFrame.h" />
		<Unit filename="..\include\MainFrameImpl.h" />
		<Unit filename="..\include\RARCFile.h" />
		<Unit filename="..\include\RARCTreeData.h" />
		<Unit filename="..\include\TreeIterator.h" />
		<Unit filename="..\include\main.h" />
		<Unit filename="..\resource\resource.rc">
			<Option compilerVar="WINDRES" />
		</Unit>
		<Unit filename="..\src\MainFrame.cpp" />
		<Unit filename="..\src\MainFrameImpl.cpp" />
		<Unit filename="..\src\RARCFile.cpp" />
		<Unit filename="..\src\RARCTreeData.cpp" />
		<Unit filename="..\src\TreeIterator.cpp" />
		<Unit filename="..\src\main.cpp" />
		<Extensions>
			<code_completion />
			<envvars />
			<debugger>
				<remote_debugging target="Debug">
					<options conn_type="0" serial_port="" serial_baud="115200" ip_address="" ip_port="" additional_cmds="" additional_cmds_before="" skip_ld_path="0" />
				</remote_debugging>
				<remote_debugging target="Release">
					<options conn_type="0" serial_port="" serial_baud="115200" ip_address="" ip_port="" additional_cmds="" additional_cmds_before="" skip_ld_path="0" />
				</remote_debugging>
				<remote_debugging target="Debug">
					<options conn_type="0" serial_port="" serial_baud="115200" ip_address="" ip_port="" additional_cmds="" additional_cmds_before="" skip_ld_path="0" />
				</remote_debugging>
				<remote_debugging target="Release">
					<options conn_type="0" serial_port="" serial_baud="115200" ip_address="" ip_port="" additional_cmds="" additional_cmds_before="" skip_ld_path="0" />
				</remote_debugging>
			</debugger>
		</Extensions>
	</Project>
</CodeBlocks_project_file>
