<?xml version="1.0" encoding="UTF-8" standalone="yes" ?>
<CodeBlocks_project_file>
	<FileVersion major="1" minor="6" />
	<Project>
		<Option title="LibSonetto" />
		<Option pch_mode="2" />
		<Option compiler="gcc" />
		<Build>
			<Target title="Release">
				<Option output="..\..\lib\sonetto.dll" prefix_auto="1" extension_auto="1" />
				<Option working_dir="..\..\lib\" />
				<Option object_output="..\obj\release\" />
				<Option type="3" />
				<Option compiler="gcc" />
				<Option createDefFile="1" />
				<Option createStaticLib="1" />
				<Compiler>
					<Add option="-O3" />
					<Add option="-DNDEBUG" />
				</Compiler>
				<Linker>
					<Add option="-s" />
					<Add library="OgreMain" />
					<Add library="OIS" />
				</Linker>
				<ExtraCommands>
					<Add after="cmd /c copy $($(TARGET_NAME)_OUTPUT_FILE) ..\..\bin\release\tools\$(TARGET_NAME)" />
					<Add after="cmd /c copy $($(TARGET_NAME)_OUTPUT_FILE) ..\..\bin\release\runtime\$(TARGET_NAME)" />
				</ExtraCommands>
			</Target>
			<Target title="Debug">
				<Option output="..\..\lib\sonetto_d.dll" prefix_auto="1" extension_auto="1" />
				<Option working_dir="..\..\lib\" />
				<Option object_output="..\obj\debug\" />
				<Option type="3" />
				<Option compiler="gcc" />
				<Option createDefFile="1" />
				<Option createStaticLib="1" />
				<Compiler>
					<Add option="-g" />
					<Add option="-D_DEBUG" />
				</Compiler>
				<Linker>
					<Add library="OgreMain_d" />
					<Add library="OIS_d" />
				</Linker>
				<ExtraCommands>
					<Add after="cmd /c copy $($(TARGET_NAME)_OUTPUT_FILE) ..\..\bin\debug\tools\$(TARGET_NAME)" />
					<Add after="cmd /c copy $($(TARGET_NAME)_OUTPUT_FILE) ..\..\bin\debug\runtime\$(TARGET_NAME)" />
				</ExtraCommands>
			</Target>
		</Build>
		<VirtualTargets>
			<Add alias="All" targets="Release;Debug;" />
		</VirtualTargets>
		<Compiler>
			<Add option="-Wall" />
			<Add option="-mthreads" />
			<Add option="-fmessage-length=0" />
			<Add option="-fexceptions" />
			<Add option="-fident" />
			<Add option="-D_STFU_VORBIS" />
			<Add option="-DWIN32" />
			<Add option="-D_WINDOWS" />
			<Add option="-DSONETTO_DLL_BUILD" />
			<Add directory="..\include" />
			<Add directory="..\..\dependencies\include" />
			<Add directory="$(OGRE_HOME)\OgreMain\include" />
		</Compiler>
		<Linker>
			<Add option="-Wl,--enable-runtime-pseudo-reloc" />
			<Add option="-Wl,--enable-auto-image-base" />
			<Add option="-Wl,--add-stdcall-alias" />
			<Add library="OpenAL32" />
			<Add library="libogg-0" />
			<Add library="libvorbis-0" />
			<Add library="libvorbisfile-3" />
			<Add library="libvorbisenc-2" />
			<Add library="zlib" />
			<Add directory="..\..\dependencies\lib\zlib" />
			<Add directory="..\..\dependencies\lib\ogg" />
			<Add directory="..\..\dependencies\lib\vorbis" />
			<Add directory="..\..\dependencies\lib\AL" />
			<Add directory="..\..\dependencies\lib\OIS" />
			<Add directory="$(OGRE_HOME)\lib" />
		</Linker>
		<Unit filename="..\include\Sonetto.h">
			<Option weight="0" />
		</Unit>
		<Unit filename="..\include\SonettoAudioManager.h" />
		<Unit filename="..\include\SonettoCounter.h" />
		<Unit filename="..\include\SonettoException.h" />
		<Unit filename="..\include\SonettoFont.h" />
		<Unit filename="..\include\SonettoFontManager.h" />
		<Unit filename="..\include\SonettoFontSerializer.h" />
		<Unit filename="..\include\SonettoGauge.h" />
		<Unit filename="..\include\SonettoInputManager.h" />
		<Unit filename="..\include\SonettoKernel.h" />
		<Unit filename="..\include\SonettoMain.h" />
		<Unit filename="..\include\SonettoModule.h" />
		<Unit filename="..\include\SonettoPlane.h" />
		<Unit filename="..\include\SonettoPrerequisites.h" />
		<Unit filename="..\include\SonettoRARC.h" />
		<Unit filename="..\include\SonettoSTR.h" />
		<Unit filename="..\include\SonettoSTRManager.h" />
		<Unit filename="..\include\SonettoSTRSerializer.h" />
		<Unit filename="..\include\SonettoSlimWindow.h" />
		<Unit filename="..\include\SonettoTailedWindow.h" />
		<Unit filename="..\include\SonettoTextElement.h" />
		<Unit filename="..\include\SonettoTextFactory.h" />
		<Unit filename="..\include\SonettoVirtualFile.h" />
		<Unit filename="..\include\SonettoWindow.h" />
		<Unit filename="..\include\SonettoWindowFactory.h" />
		<Unit filename="..\include\SonettoWindowSkin.h" />
		<Unit filename="..\include\SonettoWindowSkinManager.h" />
		<Unit filename="..\include\SonettoWindowSkinSerializer.h" />
		<Unit filename="..\resource\resource.rc">
			<Option compilerVar="WINDRES" />
		</Unit>
		<Unit filename="..\src\SonettoAudioManager.cpp" />
		<Unit filename="..\src\SonettoCounter.cpp" />
		<Unit filename="..\src\SonettoException.cpp" />
		<Unit filename="..\src\SonettoFont.cpp" />
		<Unit filename="..\src\SonettoFontManager.cpp" />
		<Unit filename="..\src\SonettoFontSerializer.cpp" />
		<Unit filename="..\src\SonettoGauge.cpp" />
		<Unit filename="..\src\SonettoInputManager.cpp" />
		<Unit filename="..\src\SonettoKernel.cpp" />
		<Unit filename="..\src\SonettoModule.cpp" />
		<Unit filename="..\src\SonettoPlane.cpp" />
		<Unit filename="..\src\SonettoRARC.cpp" />
		<Unit filename="..\src\SonettoSTR.cpp" />
		<Unit filename="..\src\SonettoSTRManager.cpp" />
		<Unit filename="..\src\SonettoSTRSerializer.cpp" />
		<Unit filename="..\src\SonettoSlimWindow.cpp" />
		<Unit filename="..\src\SonettoTailedWindow.cpp" />
		<Unit filename="..\src\SonettoTextElement.cpp" />
		<Unit filename="..\src\SonettoVirtualFile.cpp" />
		<Unit filename="..\src\SonettoWindow.cpp" />
		<Unit filename="..\src\SonettoWindowSkin.cpp" />
		<Unit filename="..\src\SonettoWindowSkinManager.cpp" />
		<Unit filename="..\src\SonettoWindowSkinSerializer.cpp" />
		<Extensions>
			<code_completion />
			<envvars />
		</Extensions>
	</Project>
</CodeBlocks_project_file>
