<?xml version="1.0" encoding="UTF-8" standalone="yes" ?>
<CodeBlocks_project_file>
	<FileVersion major="1" minor="6" />
	<Project>
		<Option title="Generic Map Module" />
		<Option pch_mode="2" />
		<Option compiler="gcc" />
		<Build>
			<Target title="Win32 Debug">
				<Option output="..\..\..\lib\win32\libgenericmapmodule_d.a" prefix_auto="0" extension_auto="0" />
				<Option working_dir="" />
				<Option object_output="..\obj\win32\debug" />
				<Option type="2" />
				<Option compiler="gcc" />
				<Option createDefFile="1" />
				<Option projectIncludeDirsRelation="2" />
				<Option projectLibDirsRelation="2" />
				<Compiler>
					<Add option="-g" />
					<Add option="-DWINDOWS" />
					<Add option="-DDEBUG" />
					<Add directory="..\..\..\dependencies\include\DirectX" />
				</Compiler>
				<Linker>
					<Add library="sonetto_d" />
					<Add library="OgreMain_d" />
					<Add directory="..\..\..\dependencies\lib\win32" />
					<Add directory="..\..\..\lib\win32" />
				</Linker>
			</Target>
			<Target title="Win32 Release">
				<Option output="..\..\..\lib\win32\libgenericmapmodule.a" prefix_auto="0" extension_auto="0" />
				<Option working_dir="" />
				<Option object_output="..\obj\win32\release" />
				<Option type="2" />
				<Option compiler="gcc" />
				<Option createDefFile="1" />
				<Option projectIncludeDirsRelation="2" />
				<Option projectLibDirsRelation="2" />
				<Compiler>
					<Add option="-O2" />
					<Add option="-DWINDOWS" />
					<Add directory="..\..\..\dependencies\include\DirectX" />
				</Compiler>
				<Linker>
					<Add option="-s" />
					<Add library="sonetto" />
					<Add library="OgreMain" />
					<Add directory="..\..\..\dependencies\lib\win32" />
					<Add directory="..\..\..\lib\win32" />
				</Linker>
			</Target>
			<Target title="Linux Debug">
				<Option output="..\..\..\lib\linux\libgenericmapmodule_d.a" prefix_auto="0" extension_auto="0" />
				<Option working_dir="" />
				<Option object_output="..\obj\linux\debug" />
				<Option type="2" />
				<Option compiler="gcc" />
				<Option createDefFile="1" />
				<Option projectIncludeDirsRelation="2" />
				<Option projectLibDirsRelation="2" />
				<Compiler>
					<Add option="-g" />
					<Add option="-DDEBUG" />
				</Compiler>
				<Linker>
					<Add library="sonetto_d" />
					<Add library="OgreMain_d" />
					<Add directory="..\..\..\dependencies\lib\linux" />
					<Add directory="..\..\..\lib\linux" />
				</Linker>
			</Target>
			<Target title="Linux Release">
				<Option output="..\..\..\lib\linux\libgenericmapmodule.a" prefix_auto="0" extension_auto="0" />
				<Option working_dir="" />
				<Option object_output="..\obj\linux\release" />
				<Option type="2" />
				<Option compiler="gcc" />
				<Option createDefFile="1" />
				<Option projectIncludeDirsRelation="2" />
				<Option projectLibDirsRelation="2" />
				<Compiler>
					<Add option="-O2" />
				</Compiler>
				<Linker>
					<Add option="-s" />
					<Add library="sonetto" />
					<Add library="OgreMain" />
					<Add directory="..\..\..\dependencies\lib\linux" />
					<Add directory="..\..\..\lib\linux" />
				</Linker>
			</Target>
		</Build>
		<Compiler>
			<Add option="-Wall" />
			<Add directory="..\include" />
			<Add directory="..\..\..\libsonetto\include" />
			<Add directory="..\..\..\dependencies\include" />
			<Add directory="$(OGRE_HOME)\OgreMain\include" />
		</Compiler>
		<Linker>
			<Add directory="$(OGRE_HOME)\lib" />
		</Linker>
		<Unit filename="..\include\GenericMap.h" />
		<Unit filename="..\include\GenericMapBillboardData.h" />
		<Unit filename="..\include\GenericMapBillboardSetData.h" />
		<Unit filename="..\include\GenericMapManager.h" />
		<Unit filename="..\include\GenericMapModule.h" />
		<Unit filename="..\include\GenericMapPrerequisites.h" />
		<Unit filename="..\include\GenericMapSerializer.h" />
		<Unit filename="..\include\GenericMapSkyEntityData.h" />
		<Unit filename="..\include\GenericMapWalkmesh.h" />
		<Unit filename="..\src\GenericMap.cpp" />
		<Unit filename="..\src\GenericMapManager.cpp" />
		<Unit filename="..\src\GenericMapModule.cpp" />
		<Unit filename="..\src\GenericMapSerializer.cpp" />
		<Extensions>
			<code_completion />
			<envvars />
			<debugger />
			<lib_finder disable_auto="1" />
		</Extensions>
	</Project>
</CodeBlocks_project_file>
