<?xml version="1.0" encoding="UTF-8" standalone="yes" ?>
<CodeBlocks_project_file>
	<FileVersion major="1" minor="6" />
	<Project>
		<Option title="ConfigApp" />
		<Option pch_mode="2" />
		<Option compiler="gcc" />
		<Build>
			<Target title="Main">
				<Option output="..\bin\Release\ConfigApp.exe" prefix_auto="1" extension_auto="1" />
				<Option working_dir="..\rundir\" />
				<Option object_output="..\bin\objs\Release\" />
				<Option type="1" />
				<Option compiler="gcc" />
				<Option projectLinkerOptionsRelation="2" />
				<Compiler>
					<Add option="-Os" />
					<Add option="-O3" />
				</Compiler>
				<Linker>
					<Add option="-s" />
					<Add library="wxpng-2.8" />
					<Add library="wx_msw-2.8" />
				</Linker>
			</Target>
		</Build>
		<Compiler>
			<Add option="-Wall" />
			<Add option="-pipe" />
			<Add option="-mthreads" />
			<Add option="-D__GNUWIN32__" />
			<Add option="-D__WXMSW__" />
			<Add option="-DCA_USE_OPENGL" />
			<Add option="-DCA_USE_DIRECT3D" />
			<Add directory="$(WX_HOME)\include" />
			<Add directory="$(WX_HOME)\contrib\include" />
			<Add directory="$(DXSDK_HOME)\Include" />
			<Add directory="$(OPENAL_HOME)\include" />
			<Add directory="$(OIS_HOME)\includes" />
			<Add directory="..\include" />
		</Compiler>
		<Linker>
			<Add library="kernel32" />
			<Add library="user32" />
			<Add library="gdi32" />
			<Add library="winspool" />
			<Add library="comdlg32" />
			<Add library="advapi32" />
			<Add library="shell32" />
			<Add library="ole32" />
			<Add library="oleaut32" />
			<Add library="uuid" />
			<Add library="comctl32" />
			<Add library="wsock32" />
			<Add library="odbc32" />
			<Add library="opengl32" />
			<Add library="glu32" />
			<Add library="d3d9" />
			<Add library="openal32" />
			<Add library="OIS" />
			<Add directory="$(WX_HOME)\lib" />
			<Add directory="$(DXSDK_HOME)\Lib\x86" />
			<Add directory="$(OPENAL_HOME)\libs\Win32" />
			<Add directory="$(OIS_HOME)\dll" />
			<Add directory="..\dependencies" />
		</Linker>
		<Unit filename="include\AL\ALHandler.h" />
		<Unit filename="include\AppForms.h" />
		<Unit filename="include\ConfigApp.h" />
		<Unit filename="include\ConfigWindowImpl.h" />
		<Unit filename="include\D3D\D3DHandler.h" />
		<Unit filename="include\GL\Win32Handler.h" />
		<Unit filename="include\OIS\OISHandler.h" />
		<Unit filename="include\Utils.h" />
		<Unit filename="src\AL\ALHandler.cpp" />
		<Unit filename="src\AppForms.cpp">
			<Option weight="43" />
		</Unit>
		<Unit filename="src\ConfigApp.cpp" />
		<Unit filename="src\ConfigWindowImpl.cpp" />
		<Unit filename="src\D3D\D3DHandler.cpp" />
		<Unit filename="src\GL\Win32Handler.cpp" />
		<Unit filename="src\OIS\OISHandler.cpp" />
		<Unit filename="src\Utils.cpp" />
		<Extensions>
			<code_completion />
			<envvars />
		</Extensions>
	</Project>
</CodeBlocks_project_file>
