<?xml version="1.0" encoding="UTF-8" standalone="yes" ?>
<CodeBlocks_project_file>
	<FileVersion major="1" minor="6" />
	<Project>
		<Option title="ConfigTool" />
		<Option pch_mode="2" />
		<Option compiler="gcc" />
		<Build>
			<Target title="Main">
				<Option output="..\..\..\bin\release\tools\ConfigTool" prefix_auto="1" extension_auto="1" />
				<Option working_dir="..\..\..\bin\release\tools\" />
				<Option object_output="..\obj\release\" />
				<Option type="1" />
				<Option compiler="gcc" />
				<Option projectLinkerOptionsRelation="2" />
				<Compiler>
					<Add option="-Os" />
					<Add option="-O3" />
				</Compiler>
				<Linker>
					<Add option="-s" />
					<Add library="wxpng-2.8" />
					<Add library="wx_msw-2.8" />
					<Add library="png" />
					<Add library="zlib" />
				</Linker>
			</Target>
		</Build>
		<Compiler>
			<Add option="-Wall" />
			<Add option="-pipe" />
			<Add option="-mthreads" />
			<Add option="-D__GNUWIN32__" />
			<Add option="-D__WXMSW__" />
			<Add option="-DCA_USE_OPENGL" />
			<Add option="-DCA_USE_DIRECT3D" />
			<Add directory="$(WXWIN)\include" />
			<Add directory="$(WXWIN)\contrib\include" />
			<Add directory="$(DXSDK_DIR)\Include" />
			<Add directory="..\include" />
			<Add directory="..\dependencies\include\DirectX" />
			<Add directory="..\dependencies\include\OIS" />
			<Add directory="..\dependencies\include\OpenAL" />
			<Add directory="..\dependencies\include" />
		</Compiler>
		<Linker>
			<Add library="kernel32" />
			<Add library="user32" />
			<Add library="gdi32" />
			<Add library="winspool" />
			<Add library="comdlg32" />
			<Add library="advapi32" />
			<Add library="shell32" />
			<Add library="ole32" />
			<Add library="oleaut32" />
			<Add library="uuid" />
			<Add library="comctl32" />
			<Add library="wsock32" />
			<Add library="odbc32" />
			<Add library="opengl32" />
			<Add library="glu32" />
			<Add library="d3d9" />
			<Add library="openal32" />
			<Add library="OIS" />
			<Add directory="..\dependencies\lib" />
			<Add directory="$(WXWIN)\lib" />
			<Add directory="$(WXWIN)\contrib\lib\" />
			<Add directory="$(DXSDK_DIR)\Lib\x86" />
		</Linker>
		<ExtraCommands>
			<Add after="cmd /c copy $($(TARGET_NAME)_OUTPUT_FILE) ..\..\bin\debug\runtime\$(TARGET_NAME)" />
			<Add after="cmd /c copy $($(TARGET_NAME)_OUTPUT_FILE) ..\..\bin\release\runtime\$(TARGET_NAME" />
		</ExtraCommands>
		<Unit filename="..\include\AL\ALHandler.h" />
		<Unit filename="..\include\AppForms.h" />
		<Unit filename="..\include\ConfigTool.h" />
		<Unit filename="..\include\ConfigWindowImpl.h" />
		<Unit filename="..\include\D3D\D3DHandler.h" />
		<Unit filename="..\include\GL\Win32Handler.h" />
		<Unit filename="..\include\OIS\OISHandler.h" />
		<Unit filename="..\include\Utils.h" />
		<Unit filename="..\src\AL\ALHandler.cpp" />
		<Unit filename="..\src\AppForms.cpp" />
		<Unit filename="..\src\ConfigTool.cpp" />
		<Unit filename="..\src\ConfigWindowImpl.cpp" />
		<Unit filename="..\src\D3D\D3DHandler.cpp" />
		<Unit filename="..\src\GL\Win32Handler.cpp" />
		<Unit filename="..\src\OIS\OISHandler.cpp" />
		<Unit filename="..\src\Utils.cpp" />
		<Extensions>
			<code_completion />
			<envvars />
			<debugger>
				<remote_debugging target="Release">
					<options conn_type="0" serial_port="" serial_baud="115200" ip_address="" ip_port="" additional_cmds="" additional_cmds_before="" skip_ld_path="0" />
				</remote_debugging>
				<remote_debugging target="Debug">
					<options conn_type="0" serial_port="" serial_baud="115200" ip_address="" ip_port="" additional_cmds="" additional_cmds_before="" skip_ld_path="0" />
				</remote_debugging>
				<remote_debugging target="Release">
					<options conn_type="0" serial_port="" serial_baud="115200" ip_address="" ip_port="" additional_cmds="" additional_cmds_before="" skip_ld_path="0" />
				</remote_debugging>
				<remote_debugging target="Debug">
					<options conn_type="0" serial_port="" serial_baud="115200" ip_address="" ip_port="" additional_cmds="" additional_cmds_before="" skip_ld_path="0" />
				</remote_debugging>
			</debugger>
		</Extensions>
	</Project>
</CodeBlocks_project_file>
